// !$*UTF8*$!
{
	archiveVersion = 1;
	classes = {
	};
	objectVersion = 56;
	objects = {

/* Begin PBXBuildFile section */
		51FF60E58E75D7A486A9026E /* Pods_GameApp.framework in Frameworks */ = {isa = PBXBuildFile; fileRef = 5AD2851E7A79843C0CB4BDC3 /* Pods_GameApp.framework */; };
		D1CB39582B6BF92E007DA5B7 /* AppDelegate.swift in Sources */ = {isa = PBXBuildFile; fileRef = D1CB39572B6BF92E007DA5B7 /* AppDelegate.swift */; };
		D1CB395A2B6BF92E007DA5B7 /* SceneDelegate.swift in Sources */ = {isa = PBXBuildFile; fileRef = D1CB39592B6BF92E007DA5B7 /* SceneDelegate.swift */; };
		D1CB39612B6BF92F007DA5B7 /* Assets.xcassets in Resources */ = {isa = PBXBuildFile; fileRef = D1CB39602B6BF92F007DA5B7 /* Assets.xcassets */; };
		D1CB39642B6BF92F007DA5B7 /* LaunchScreen.storyboard in Resources */ = {isa = PBXBuildFile; fileRef = D1CB39622B6BF92F007DA5B7 /* LaunchScreen.storyboard */; };
		D1CB396E2B6C5C69007DA5B7 /* Coordinator.swift in Sources */ = {isa = PBXBuildFile; fileRef = D1CB396D2B6C5C69007DA5B7 /* Coordinator.swift */; };
		D1CB39702B6C5C73007DA5B7 /* MainCoordinator.swift in Sources */ = {isa = PBXBuildFile; fileRef = D1CB396F2B6C5C73007DA5B7 /* MainCoordinator.swift */; };
		D1CB39732B6C5D5B007DA5B7 /* GamesListViewModel.swift in Sources */ = {isa = PBXBuildFile; fileRef = D1CB39722B6C5D5B007DA5B7 /* GamesListViewModel.swift */; };
		D1CB39752B6C5D68007DA5B7 /* GamesListViewController.swift in Sources */ = {isa = PBXBuildFile; fileRef = D1CB39742B6C5D68007DA5B7 /* GamesListViewController.swift */; };
		D1CB39772B6C5D74007DA5B7 /* GamesListView.swift in Sources */ = {isa = PBXBuildFile; fileRef = D1CB39762B6C5D74007DA5B7 /* GamesListView.swift */; };
		D1CB397C2B6CE12C007DA5B7 /* GenresListViewModel.swift in Sources */ = {isa = PBXBuildFile; fileRef = D1CB397B2B6CE12C007DA5B7 /* GenresListViewModel.swift */; };
		D1CB397E2B6CE139007DA5B7 /* GenresListViewController.swift in Sources */ = {isa = PBXBuildFile; fileRef = D1CB397D2B6CE139007DA5B7 /* GenresListViewController.swift */; };
		D1CB39802B6CE14D007DA5B7 /* GenresListView.swift in Sources */ = {isa = PBXBuildFile; fileRef = D1CB397F2B6CE14D007DA5B7 /* GenresListView.swift */; };
		D1CB39822B6CE161007DA5B7 /* GameDetailsViewModel.swift in Sources */ = {isa = PBXBuildFile; fileRef = D1CB39812B6CE161007DA5B7 /* GameDetailsViewModel.swift */; };
		D1CB39842B6CE173007DA5B7 /* GameDetailsViewController.swift in Sources */ = {isa = PBXBuildFile; fileRef = D1CB39832B6CE173007DA5B7 /* GameDetailsViewController.swift */; };
		D1CB39862B6CE183007DA5B7 /* GameDetailsView.swift in Sources */ = {isa = PBXBuildFile; fileRef = D1CB39852B6CE183007DA5B7 /* GameDetailsView.swift */; };
		D1CB39892B6CE2CC007DA5B7 /* UserDefaultsManager.swift in Sources */ = {isa = PBXBuildFile; fileRef = D1CB39882B6CE2CC007DA5B7 /* UserDefaultsManager.swift */; };
		D1CB398B2B6CE2D5007DA5B7 /* APIManager.swift in Sources */ = {isa = PBXBuildFile; fileRef = D1CB398A2B6CE2D5007DA5B7 /* APIManager.swift */; };
		D1CB39912B6D5671007DA5B7 /* GenreTableViewCell.swift in Sources */ = {isa = PBXBuildFile; fileRef = D1CB39902B6D5671007DA5B7 /* GenreTableViewCell.swift */; };
		D1CB39932B6D56A8007DA5B7 /* GameTableViewCell.swift in Sources */ = {isa = PBXBuildFile; fileRef = D1CB39922B6D56A8007DA5B7 /* GameTableViewCell.swift */; };
		D1CB39952B6D570B007DA5B7 /* GenreCollectionViewCell.swift in Sources */ = {isa = PBXBuildFile; fileRef = D1CB39942B6D570B007DA5B7 /* GenreCollectionViewCell.swift */; };
		D1CB39992B6E7CBF007DA5B7 /* Config.plist in Resources */ = {isa = PBXBuildFile; fileRef = D1CB39982B6E7CBF007DA5B7 /* Config.plist */; };
		D1CB399C2B6E7D5C007DA5B7 /* GenreModel.swift in Sources */ = {isa = PBXBuildFile; fileRef = D1CB399B2B6E7D5C007DA5B7 /* GenreModel.swift */; };
		D1CB399F2B70E511007DA5B7 /* Published.swift in Sources */ = {isa = PBXBuildFile; fileRef = D1CB399E2B70E511007DA5B7 /* Published.swift */; };
		D1CB39A12B71064E007DA5B7 /* GameModel.swift in Sources */ = {isa = PBXBuildFile; fileRef = D1CB39A02B71064E007DA5B7 /* GameModel.swift */; };
		D1CB39A32B710805007DA5B7 /* [Int].swift in Sources */ = {isa = PBXBuildFile; fileRef = D1CB39A22B710805007DA5B7 /* [Int].swift */; };
		D1CB39A62B7144BD007DA5B7 /* DonutChart.swift in Sources */ = {isa = PBXBuildFile; fileRef = D1CB39A52B7144BD007DA5B7 /* DonutChart.swift */; };
		D1CB39A82B722E38007DA5B7 /* GameDetailsModel.swift in Sources */ = {isa = PBXBuildFile; fileRef = D1CB39A72B722E38007DA5B7 /* GameDetailsModel.swift */; };
/* End PBXBuildFile section */

/* Begin PBXFileReference section */
		5AD2851E7A79843C0CB4BDC3 /* Pods_GameApp.framework */ = {isa = PBXFileReference; explicitFileType = wrapper.framework; includeInIndex = 0; path = Pods_GameApp.framework; sourceTree = BUILT_PRODUCTS_DIR; };
		83C8D1E5ECD9C1F469AFD8A6 /* Pods-GameApp.release.xcconfig */ = {isa = PBXFileReference; includeInIndex = 1; lastKnownFileType = text.xcconfig; name = "Pods-GameApp.release.xcconfig"; path = "Target Support Files/Pods-GameApp/Pods-GameApp.release.xcconfig"; sourceTree = "<group>"; };
		D1CB39542B6BF92E007DA5B7 /* GameApp.app */ = {isa = PBXFileReference; explicitFileType = wrapper.application; includeInIndex = 0; path = GameApp.app; sourceTree = BUILT_PRODUCTS_DIR; };
		D1CB39572B6BF92E007DA5B7 /* AppDelegate.swift */ = {isa = PBXFileReference; lastKnownFileType = sourcecode.swift; path = AppDelegate.swift; sourceTree = "<group>"; };
		D1CB39592B6BF92E007DA5B7 /* SceneDelegate.swift */ = {isa = PBXFileReference; lastKnownFileType = sourcecode.swift; path = SceneDelegate.swift; sourceTree = "<group>"; };
		D1CB39602B6BF92F007DA5B7 /* Assets.xcassets */ = {isa = PBXFileReference; lastKnownFileType = folder.assetcatalog; path = Assets.xcassets; sourceTree = "<group>"; };
		D1CB39632B6BF92F007DA5B7 /* Base */ = {isa = PBXFileReference; lastKnownFileType = file.storyboard; name = Base; path = Base.lproj/LaunchScreen.storyboard; sourceTree = "<group>"; };
		D1CB39652B6BF92F007DA5B7 /* Info.plist */ = {isa = PBXFileReference; lastKnownFileType = text.plist.xml; path = Info.plist; sourceTree = "<group>"; };
		D1CB396D2B6C5C69007DA5B7 /* Coordinator.swift */ = {isa = PBXFileReference; lastKnownFileType = sourcecode.swift; path = Coordinator.swift; sourceTree = "<group>"; };
		D1CB396F2B6C5C73007DA5B7 /* MainCoordinator.swift */ = {isa = PBXFileReference; lastKnownFileType = sourcecode.swift; path = MainCoordinator.swift; sourceTree = "<group>"; };
		D1CB39722B6C5D5B007DA5B7 /* GamesListViewModel.swift */ = {isa = PBXFileReference; lastKnownFileType = sourcecode.swift; path = GamesListViewModel.swift; sourceTree = "<group>"; };
		D1CB39742B6C5D68007DA5B7 /* GamesListViewController.swift */ = {isa = PBXFileReference; lastKnownFileType = sourcecode.swift; path = GamesListViewController.swift; sourceTree = "<group>"; };
		D1CB39762B6C5D74007DA5B7 /* GamesListView.swift */ = {isa = PBXFileReference; lastKnownFileType = sourcecode.swift; path = GamesListView.swift; sourceTree = "<group>"; };
		D1CB397B2B6CE12C007DA5B7 /* GenresListViewModel.swift */ = {isa = PBXFileReference; lastKnownFileType = sourcecode.swift; path = GenresListViewModel.swift; sourceTree = "<group>"; };
		D1CB397D2B6CE139007DA5B7 /* GenresListViewController.swift */ = {isa = PBXFileReference; lastKnownFileType = sourcecode.swift; path = GenresListViewController.swift; sourceTree = "<group>"; };
		D1CB397F2B6CE14D007DA5B7 /* GenresListView.swift */ = {isa = PBXFileReference; lastKnownFileType = sourcecode.swift; path = GenresListView.swift; sourceTree = "<group>"; };
		D1CB39812B6CE161007DA5B7 /* GameDetailsViewModel.swift */ = {isa = PBXFileReference; lastKnownFileType = sourcecode.swift; path = GameDetailsViewModel.swift; sourceTree = "<group>"; };
		D1CB39832B6CE173007DA5B7 /* GameDetailsViewController.swift */ = {isa = PBXFileReference; lastKnownFileType = sourcecode.swift; path = GameDetailsViewController.swift; sourceTree = "<group>"; };
		D1CB39852B6CE183007DA5B7 /* GameDetailsView.swift */ = {isa = PBXFileReference; lastKnownFileType = sourcecode.swift; path = GameDetailsView.swift; sourceTree = "<group>"; };
		D1CB39882B6CE2CC007DA5B7 /* UserDefaultsManager.swift */ = {isa = PBXFileReference; lastKnownFileType = sourcecode.swift; path = UserDefaultsManager.swift; sourceTree = "<group>"; };
		D1CB398A2B6CE2D5007DA5B7 /* APIManager.swift */ = {isa = PBXFileReference; lastKnownFileType = sourcecode.swift; path = APIManager.swift; sourceTree = "<group>"; };
		D1CB39902B6D5671007DA5B7 /* GenreTableViewCell.swift */ = {isa = PBXFileReference; lastKnownFileType = sourcecode.swift; path = GenreTableViewCell.swift; sourceTree = "<group>"; };
		D1CB39922B6D56A8007DA5B7 /* GameTableViewCell.swift */ = {isa = PBXFileReference; lastKnownFileType = sourcecode.swift; path = GameTableViewCell.swift; sourceTree = "<group>"; };
		D1CB39942B6D570B007DA5B7 /* GenreCollectionViewCell.swift */ = {isa = PBXFileReference; lastKnownFileType = sourcecode.swift; path = GenreCollectionViewCell.swift; sourceTree = "<group>"; };
		D1CB39982B6E7CBF007DA5B7 /* Config.plist */ = {isa = PBXFileReference; lastKnownFileType = text.plist.xml; path = Config.plist; sourceTree = "<group>"; };
		D1CB399B2B6E7D5C007DA5B7 /* GenreModel.swift */ = {isa = PBXFileReference; lastKnownFileType = sourcecode.swift; path = GenreModel.swift; sourceTree = "<group>"; };
		D1CB399E2B70E511007DA5B7 /* Published.swift */ = {isa = PBXFileReference; lastKnownFileType = sourcecode.swift; path = Published.swift; sourceTree = "<group>"; };
		D1CB39A02B71064E007DA5B7 /* GameModel.swift */ = {isa = PBXFileReference; lastKnownFileType = sourcecode.swift; path = GameModel.swift; sourceTree = "<group>"; };
		D1CB39A22B710805007DA5B7 /* [Int].swift */ = {isa = PBXFileReference; lastKnownFileType = sourcecode.swift; path = "[Int].swift"; sourceTree = "<group>"; };
		D1CB39A52B7144BD007DA5B7 /* DonutChart.swift */ = {isa = PBXFileReference; lastKnownFileType = sourcecode.swift; path = DonutChart.swift; sourceTree = "<group>"; };
		D1CB39A72B722E38007DA5B7 /* GameDetailsModel.swift */ = {isa = PBXFileReference; lastKnownFileType = sourcecode.swift; path = GameDetailsModel.swift; sourceTree = "<group>"; };
		D5AB04D48FD04ED241B5CA20 /* Pods-GameApp.debug.xcconfig */ = {isa = PBXFileReference; includeInIndex = 1; lastKnownFileType = text.xcconfig; name = "Pods-GameApp.debug.xcconfig"; path = "Target Support Files/Pods-GameApp/Pods-GameApp.debug.xcconfig"; sourceTree = "<group>"; };
/* End PBXFileReference section */

/* Begin PBXFrameworksBuildPhase section */
		D1CB39512B6BF92E007DA5B7 /* Frameworks */ = {
			isa = PBXFrameworksBuildPhase;
			buildActionMask = 2147483647;
			files = (
				51FF60E58E75D7A486A9026E /* Pods_GameApp.framework in Frameworks */,
			);
			runOnlyForDeploymentPostprocessing = 0;
		};
/* End PBXFrameworksBuildPhase section */

/* Begin PBXGroup section */
		3528A43F4FFD2BB223AB90EA /* Pods */ = {
			isa = PBXGroup;
			children = (
				D5AB04D48FD04ED241B5CA20 /* Pods-GameApp.debug.xcconfig */,
				83C8D1E5ECD9C1F469AFD8A6 /* Pods-GameApp.release.xcconfig */,
			);
			path = Pods;
			sourceTree = "<group>";
		};
		793025E6BB02769F8C5BFD56 /* Frameworks */ = {
			isa = PBXGroup;
			children = (
				5AD2851E7A79843C0CB4BDC3 /* Pods_GameApp.framework */,
			);
			name = Frameworks;
			sourceTree = "<group>";
		};
		D1CB394B2B6BF92E007DA5B7 = {
			isa = PBXGroup;
			children = (
				D1CB39562B6BF92E007DA5B7 /* GameApp */,
				D1CB39552B6BF92E007DA5B7 /* Products */,
				3528A43F4FFD2BB223AB90EA /* Pods */,
				793025E6BB02769F8C5BFD56 /* Frameworks */,
			);
			sourceTree = "<group>";
		};
		D1CB39552B6BF92E007DA5B7 /* Products */ = {
			isa = PBXGroup;
			children = (
				D1CB39542B6BF92E007DA5B7 /* GameApp.app */,
			);
			name = Products;
			sourceTree = "<group>";
		};
		D1CB39562B6BF92E007DA5B7 /* GameApp */ = {
			isa = PBXGroup;
			children = (
				D1CB39A42B7144B1007DA5B7 /* SwiftUI */,
				D1CB399D2B70E506007DA5B7 /* Extensions */,
				D1CB399A2B6E7D53007DA5B7 /* Models */,
				D1CB39782B6CE0D1007DA5B7 /* Screens */,
				D1CB398F2B6D5638007DA5B7 /* TableViewCells */,
				D1CB398C2B6D55B5007DA5B7 /* CollectionViewCells */,
				D1CB39872B6CE2BD007DA5B7 /* Managers */,
				D1CB396C2B6C5C5A007DA5B7 /* Coordinator */,
				D1CB396B2B6C58B1007DA5B7 /* Startup */,
				D1CB39602B6BF92F007DA5B7 /* Assets.xcassets */,
				D1CB39652B6BF92F007DA5B7 /* Info.plist */,
				D1CB39982B6E7CBF007DA5B7 /* Config.plist */,
			);
			path = GameApp;
			sourceTree = "<group>";
		};
		D1CB396B2B6C58B1007DA5B7 /* Startup */ = {
			isa = PBXGroup;
			children = (
				D1CB39572B6BF92E007DA5B7 /* AppDelegate.swift */,
				D1CB39592B6BF92E007DA5B7 /* SceneDelegate.swift */,
				D1CB39622B6BF92F007DA5B7 /* LaunchScreen.storyboard */,
			);
			path = Startup;
			sourceTree = "<group>";
		};
		D1CB396C2B6C5C5A007DA5B7 /* Coordinator */ = {
			isa = PBXGroup;
			children = (
				D1CB396D2B6C5C69007DA5B7 /* Coordinator.swift */,
				D1CB396F2B6C5C73007DA5B7 /* MainCoordinator.swift */,
			);
			path = Coordinator;
			sourceTree = "<group>";
		};
		D1CB39712B6C5D43007DA5B7 /* GamesList */ = {
			isa = PBXGroup;
			children = (
				D1CB39722B6C5D5B007DA5B7 /* GamesListViewModel.swift */,
				D1CB39742B6C5D68007DA5B7 /* GamesListViewController.swift */,
				D1CB39762B6C5D74007DA5B7 /* GamesListView.swift */,
			);
			path = GamesList;
			sourceTree = "<group>";
		};
		D1CB39782B6CE0D1007DA5B7 /* Screens */ = {
			isa = PBXGroup;
			children = (
				D1CB39792B6CE0E0007DA5B7 /* GenresList */,
				D1CB39712B6C5D43007DA5B7 /* GamesList */,
				D1CB397A2B6CE0FC007DA5B7 /* GameDetails */,
			);
			path = Screens;
			sourceTree = "<group>";
		};
		D1CB39792B6CE0E0007DA5B7 /* GenresList */ = {
			isa = PBXGroup;
			children = (
				D1CB397B2B6CE12C007DA5B7 /* GenresListViewModel.swift */,
				D1CB397D2B6CE139007DA5B7 /* GenresListViewController.swift */,
				D1CB397F2B6CE14D007DA5B7 /* GenresListView.swift */,
			);
			path = GenresList;
			sourceTree = "<group>";
		};
		D1CB397A2B6CE0FC007DA5B7 /* GameDetails */ = {
			isa = PBXGroup;
			children = (
				D1CB39812B6CE161007DA5B7 /* GameDetailsViewModel.swift */,
				D1CB39832B6CE173007DA5B7 /* GameDetailsViewController.swift */,
				D1CB39852B6CE183007DA5B7 /* GameDetailsView.swift */,
			);
			path = GameDetails;
			sourceTree = "<group>";
		};
		D1CB39872B6CE2BD007DA5B7 /* Managers */ = {
			isa = PBXGroup;
			children = (
				D1CB39882B6CE2CC007DA5B7 /* UserDefaultsManager.swift */,
				D1CB398A2B6CE2D5007DA5B7 /* APIManager.swift */,
			);
			path = Managers;
			sourceTree = "<group>";
		};
		D1CB398C2B6D55B5007DA5B7 /* CollectionViewCells */ = {
			isa = PBXGroup;
			children = (
				D1CB39942B6D570B007DA5B7 /* GenreCollectionViewCell.swift */,
			);
			path = CollectionViewCells;
			sourceTree = "<group>";
		};
		D1CB398F2B6D5638007DA5B7 /* TableViewCells */ = {
			isa = PBXGroup;
			children = (
				D1CB39902B6D5671007DA5B7 /* GenreTableViewCell.swift */,
				D1CB39922B6D56A8007DA5B7 /* GameTableViewCell.swift */,
			);
			path = TableViewCells;
			sourceTree = "<group>";
		};
		D1CB399A2B6E7D53007DA5B7 /* Models */ = {
			isa = PBXGroup;
			children = (
				D1CB399B2B6E7D5C007DA5B7 /* GenreModel.swift */,
				D1CB39A02B71064E007DA5B7 /* GameModel.swift */,
				D1CB39A72B722E38007DA5B7 /* GameDetailsModel.swift */,
			);
			path = Models;
			sourceTree = "<group>";
		};
		D1CB399D2B70E506007DA5B7 /* Extensions */ = {
			isa = PBXGroup;
			children = (
				D1CB399E2B70E511007DA5B7 /* Published.swift */,
				D1CB39A22B710805007DA5B7 /* [Int].swift */,
			);
			path = Extensions;
			sourceTree = "<group>";
		};
		D1CB39A42B7144B1007DA5B7 /* SwiftUI */ = {
			isa = PBXGroup;
			children = (
				D1CB39A52B7144BD007DA5B7 /* DonutChart.swift */,
			);
			path = SwiftUI;
			sourceTree = "<group>";
		};
/* End PBXGroup section */

/* Begin PBXNativeTarget section */
		D1CB39532B6BF92E007DA5B7 /* GameApp */ = {
			isa = PBXNativeTarget;
			buildConfigurationList = D1CB39682B6BF92F007DA5B7 /* Build configuration list for PBXNativeTarget "GameApp" */;
			buildPhases = (
				67F065C88493109E686DDDE1 /* [CP] Check Pods Manifest.lock */,
				D1CB39502B6BF92E007DA5B7 /* Sources */,
				D1CB39512B6BF92E007DA5B7 /* Frameworks */,
				D1CB39522B6BF92E007DA5B7 /* Resources */,
				970D0EB85AE92231ABFC5EBB /* [CP] Embed Pods Frameworks */,
			);
			buildRules = (
			);
			dependencies = (
			);
			name = GameApp;
			productName = GameApp;
			productReference = D1CB39542B6BF92E007DA5B7 /* GameApp.app */;
			productType = "com.apple.product-type.application";
		};
/* End PBXNativeTarget section */

/* Begin PBXProject section */
		D1CB394C2B6BF92E007DA5B7 /* Project object */ = {
			isa = PBXProject;
			attributes = {
				BuildIndependentTargetsInParallel = 1;
				LastSwiftUpdateCheck = 1520;
				LastUpgradeCheck = 1520;
				TargetAttributes = {
					D1CB39532B6BF92E007DA5B7 = {
						CreatedOnToolsVersion = 15.2;
					};
				};
			};
			buildConfigurationList = D1CB394F2B6BF92E007DA5B7 /* Build configuration list for PBXProject "GameApp" */;
			compatibilityVersion = "Xcode 14.0";
			developmentRegion = en;
			hasScannedForEncodings = 0;
			knownRegions = (
				en,
				Base,
			);
			mainGroup = D1CB394B2B6BF92E007DA5B7;
			productRefGroup = D1CB39552B6BF92E007DA5B7 /* Products */;
			projectDirPath = "";
			projectRoot = "";
			targets = (
				D1CB39532B6BF92E007DA5B7 /* GameApp */,
			);
		};
/* End PBXProject section */

/* Begin PBXResourcesBuildPhase section */
		D1CB39522B6BF92E007DA5B7 /* Resources */ = {
			isa = PBXResourcesBuildPhase;
			buildActionMask = 2147483647;
			files = (
				D1CB39642B6BF92F007DA5B7 /* LaunchScreen.storyboard in Resources */,
				D1CB39992B6E7CBF007DA5B7 /* Config.plist in Resources */,
				D1CB39612B6BF92F007DA5B7 /* Assets.xcassets in Resources */,
			);
			runOnlyForDeploymentPostprocessing = 0;
		};
/* End PBXResourcesBuildPhase section */

/* Begin PBXShellScriptBuildPhase section */
		67F065C88493109E686DDDE1 /* [CP] Check Pods Manifest.lock */ = {
			isa = PBXShellScriptBuildPhase;
			buildActionMask = 2147483647;
			files = (
			);
			inputFileListPaths = (
			);
			inputPaths = (
				"${PODS_PODFILE_DIR_PATH}/Podfile.lock",
				"${PODS_ROOT}/Manifest.lock",
			);
			name = "[CP] Check Pods Manifest.lock";
			outputFileListPaths = (
			);
			outputPaths = (
				"$(DERIVED_FILE_DIR)/Pods-GameApp-checkManifestLockResult.txt",
			);
			runOnlyForDeploymentPostprocessing = 0;
			shellPath = /bin/sh;
			shellScript = "diff \"${PODS_PODFILE_DIR_PATH}/Podfile.lock\" \"${PODS_ROOT}/Manifest.lock\" > /dev/null\nif [ $? != 0 ] ; then\n    # print error to STDERR\n    echo \"error: The sandbox is not in sync with the Podfile.lock. Run 'pod install' or update your CocoaPods installation.\" >&2\n    exit 1\nfi\n# This output is used by Xcode 'outputs' to avoid re-running this script phase.\necho \"SUCCESS\" > \"${SCRIPT_OUTPUT_FILE_0}\"\n";
			showEnvVarsInLog = 0;
		};
		970D0EB85AE92231ABFC5EBB /* [CP] Embed Pods Frameworks */ = {
			isa = PBXShellScriptBuildPhase;
			buildActionMask = 2147483647;
			files = (
			);
			inputFileListPaths = (
				"${PODS_ROOT}/Target Support Files/Pods-GameApp/Pods-GameApp-frameworks-${CONFIGURATION}-input-files.xcfilelist",
			);
			name = "[CP] Embed Pods Frameworks";
			outputFileListPaths = (
				"${PODS_ROOT}/Target Support Files/Pods-GameApp/Pods-GameApp-frameworks-${CONFIGURATION}-output-files.xcfilelist",
			);
			runOnlyForDeploymentPostprocessing = 0;
			shellPath = /bin/sh;
			shellScript = "\"${PODS_ROOT}/Target Support Files/Pods-GameApp/Pods-GameApp-frameworks.sh\"\n";
			showEnvVarsInLog = 0;
		};
/* End PBXShellScriptBuildPhase section */

/* Begin PBXSourcesBuildPhase section */
		D1CB39502B6BF92E007DA5B7 /* Sources */ = {
			isa = PBXSourcesBuildPhase;
			buildActionMask = 2147483647;
			files = (
				D1CB397C2B6CE12C007DA5B7 /* GenresListViewModel.swift in Sources */,
				D1CB399C2B6E7D5C007DA5B7 /* GenreModel.swift in Sources */,
				D1CB39842B6CE173007DA5B7 /* GameDetailsViewController.swift in Sources */,
				D1CB39862B6CE183007DA5B7 /* GameDetailsView.swift in Sources */,
				D1CB39582B6BF92E007DA5B7 /* AppDelegate.swift in Sources */,
				D1CB39772B6C5D74007DA5B7 /* GamesListView.swift in Sources */,
				D1CB39912B6D5671007DA5B7 /* GenreTableViewCell.swift in Sources */,
				D1CB397E2B6CE139007DA5B7 /* GenresListViewController.swift in Sources */,
				D1CB39702B6C5C73007DA5B7 /* MainCoordinator.swift in Sources */,
				D1CB395A2B6BF92E007DA5B7 /* SceneDelegate.swift in Sources */,
				D1CB39802B6CE14D007DA5B7 /* GenresListView.swift in Sources */,
				D1CB39A82B722E38007DA5B7 /* GameDetailsModel.swift in Sources */,
				D1CB39822B6CE161007DA5B7 /* GameDetailsViewModel.swift in Sources */,
				D1CB39932B6D56A8007DA5B7 /* GameTableViewCell.swift in Sources */,
				D1CB39A32B710805007DA5B7 /* [Int].swift in Sources */,
				D1CB399F2B70E511007DA5B7 /* Published.swift in Sources */,
				D1CB39A62B7144BD007DA5B7 /* DonutChart.swift in Sources */,
				D1CB39952B6D570B007DA5B7 /* GenreCollectionViewCell.swift in Sources */,
				D1CB39892B6CE2CC007DA5B7 /* UserDefaultsManager.swift in Sources */,
				D1CB39732B6C5D5B007DA5B7 /* GamesListViewModel.swift in Sources */,
				D1CB398B2B6CE2D5007DA5B7 /* APIManager.swift in Sources */,
				D1CB396E2B6C5C69007DA5B7 /* Coordinator.swift in Sources */,
				D1CB39752B6C5D68007DA5B7 /* GamesListViewController.swift in Sources */,
				D1CB39A12B71064E007DA5B7 /* GameModel.swift in Sources */,
			);
			runOnlyForDeploymentPostprocessing = 0;
		};
/* End PBXSourcesBuildPhase section */

/* Begin PBXVariantGroup section */
		D1CB39622B6BF92F007DA5B7 /* LaunchScreen.storyboard */ = {
			isa = PBXVariantGroup;
			children = (
				D1CB39632B6BF92F007DA5B7 /* Base */,
			);
			name = LaunchScreen.storyboard;
			sourceTree = "<group>";
		};
/* End PBXVariantGroup section */

/* Begin XCBuildConfiguration section */
		D1CB39662B6BF92F007DA5B7 /* Debug */ = {
			isa = XCBuildConfiguration;
			buildSettings = {
				ALWAYS_SEARCH_USER_PATHS = NO;
				ASSETCATALOG_COMPILER_GENERATE_SWIFT_ASSET_SYMBOL_EXTENSIONS = YES;
				CLANG_ANALYZER_NONNULL = YES;
				CLANG_ANALYZER_NUMBER_OBJECT_CONVERSION = YES_AGGRESSIVE;
				CLANG_CXX_LANGUAGE_STANDARD = "gnu++20";
				CLANG_ENABLE_MODULES = YES;
				CLANG_ENABLE_OBJC_ARC = YES;
				CLANG_ENABLE_OBJC_WEAK = YES;
				CLANG_WARN_BLOCK_CAPTURE_AUTORELEASING = YES;
				CLANG_WARN_BOOL_CONVERSION = YES;
				CLANG_WARN_COMMA = YES;
				CLANG_WARN_CONSTANT_CONVERSION = YES;
				CLANG_WARN_DEPRECATED_OBJC_IMPLEMENTATIONS = YES;
				CLANG_WARN_DIRECT_OBJC_ISA_USAGE = YES_ERROR;
				CLANG_WARN_DOCUMENTATION_COMMENTS = YES;
				CLANG_WARN_EMPTY_BODY = YES;
				CLANG_WARN_ENUM_CONVERSION = YES;
				CLANG_WARN_INFINITE_RECURSION = YES;
				CLANG_WARN_INT_CONVERSION = YES;
				CLANG_WARN_NON_LITERAL_NULL_CONVERSION = YES;
				CLANG_WARN_OBJC_IMPLICIT_RETAIN_SELF = YES;
				CLANG_WARN_OBJC_LITERAL_CONVERSION = YES;
				CLANG_WARN_OBJC_ROOT_CLASS = YES_ERROR;
				CLANG_WARN_QUOTED_INCLUDE_IN_FRAMEWORK_HEADER = YES;
				CLANG_WARN_RANGE_LOOP_ANALYSIS = YES;
				CLANG_WARN_STRICT_PROTOTYPES = YES;
				CLANG_WARN_SUSPICIOUS_MOVE = YES;
				CLANG_WARN_UNGUARDED_AVAILABILITY = YES_AGGRESSIVE;
				CLANG_WARN_UNREACHABLE_CODE = YES;
				CLANG_WARN__DUPLICATE_METHOD_MATCH = YES;
				COPY_PHASE_STRIP = NO;
				DEBUG_INFORMATION_FORMAT = dwarf;
				ENABLE_STRICT_OBJC_MSGSEND = YES;
				ENABLE_TESTABILITY = YES;
				ENABLE_USER_SCRIPT_SANDBOXING = NO;
				GCC_C_LANGUAGE_STANDARD = gnu17;
				GCC_DYNAMIC_NO_PIC = NO;
				GCC_NO_COMMON_BLOCKS = YES;
				GCC_OPTIMIZATION_LEVEL = 0;
				GCC_PREPROCESSOR_DEFINITIONS = (
					"DEBUG=1",
					"$(inherited)",
				);
				GCC_WARN_64_TO_32_BIT_CONVERSION = YES;
				GCC_WARN_ABOUT_RETURN_TYPE = YES_ERROR;
				GCC_WARN_UNDECLARED_SELECTOR = YES;
				GCC_WARN_UNINITIALIZED_AUTOS = YES_AGGRESSIVE;
				GCC_WARN_UNUSED_FUNCTION = YES;
				GCC_WARN_UNUSED_VARIABLE = YES;
				IPHONEOS_DEPLOYMENT_TARGET = 17.2;
				LOCALIZATION_PREFERS_STRING_CATALOGS = YES;
				MTL_ENABLE_DEBUG_INFO = INCLUDE_SOURCE;
				MTL_FAST_MATH = YES;
				ONLY_ACTIVE_ARCH = YES;
				SDKROOT = iphoneos;
				SWIFT_ACTIVE_COMPILATION_CONDITIONS = "DEBUG $(inherited)";
				SWIFT_OPTIMIZATION_LEVEL = "-Onone";
			};
			name = Debug;
		};
		D1CB39672B6BF92F007DA5B7 /* Release */ = {
			isa = XCBuildConfiguration;
			buildSettings = {
				ALWAYS_SEARCH_USER_PATHS = NO;
				ASSETCATALOG_COMPILER_GENERATE_SWIFT_ASSET_SYMBOL_EXTENSIONS = YES;
				CLANG_ANALYZER_NONNULL = YES;
				CLANG_ANALYZER_NUMBER_OBJECT_CONVERSION = YES_AGGRESSIVE;
				CLANG_CXX_LANGUAGE_STANDARD = "gnu++20";
				CLANG_ENABLE_MODULES = YES;
				CLANG_ENABLE_OBJC_ARC = YES;
				CLANG_ENABLE_OBJC_WEAK = YES;
				CLANG_WARN_BLOCK_CAPTURE_AUTORELEASING = YES;
				CLANG_WARN_BOOL_CONVERSION = YES;
				CLANG_WARN_COMMA = YES;
				CLANG_WARN_CONSTANT_CONVERSION = YES;
				CLANG_WARN_DEPRECATED_OBJC_IMPLEMENTATIONS = YES;
				CLANG_WARN_DIRECT_OBJC_ISA_USAGE = YES_ERROR;
				CLANG_WARN_DOCUMENTATION_COMMENTS = YES;
				CLANG_WARN_EMPTY_BODY = YES;
				CLANG_WARN_ENUM_CONVERSION = YES;
				CLANG_WARN_INFINITE_RECURSION = YES;
				CLANG_WARN_INT_CONVERSION = YES;
				CLANG_WARN_NON_LITERAL_NULL_CONVERSION = YES;
				CLANG_WARN_OBJC_IMPLICIT_RETAIN_SELF = YES;
				CLANG_WARN_OBJC_LITERAL_CONVERSION = YES;
				CLANG_WARN_OBJC_ROOT_CLASS = YES_ERROR;
				CLANG_WARN_QUOTED_INCLUDE_IN_FRAMEWORK_HEADER = YES;
				CLANG_WARN_RANGE_LOOP_ANALYSIS = YES;
				CLANG_WARN_STRICT_PROTOTYPES = YES;
				CLANG_WARN_SUSPICIOUS_MOVE = YES;
				CLANG_WARN_UNGUARDED_AVAILABILITY = YES_AGGRESSIVE;
				CLANG_WARN_UNREACHABLE_CODE = YES;
				CLANG_WARN__DUPLICATE_METHOD_MATCH = YES;
				COPY_PHASE_STRIP = NO;
				DEBUG_INFORMATION_FORMAT = "dwarf-with-dsym";
				ENABLE_NS_ASSERTIONS = NO;
				ENABLE_STRICT_OBJC_MSGSEND = YES;
				ENABLE_USER_SCRIPT_SANDBOXING = NO;
				GCC_C_LANGUAGE_STANDARD = gnu17;
				GCC_NO_COMMON_BLOCKS = YES;
				GCC_WARN_64_TO_32_BIT_CONVERSION = YES;
				GCC_WARN_ABOUT_RETURN_TYPE = YES_ERROR;
				GCC_WARN_UNDECLARED_SELECTOR = YES;
				GCC_WARN_UNINITIALIZED_AUTOS = YES_AGGRESSIVE;
				GCC_WARN_UNUSED_FUNCTION = YES;
				GCC_WARN_UNUSED_VARIABLE = YES;
				IPHONEOS_DEPLOYMENT_TARGET = 17.2;
				LOCALIZATION_PREFERS_STRING_CATALOGS = YES;
				MTL_ENABLE_DEBUG_INFO = NO;
				MTL_FAST_MATH = YES;
				SDKROOT = iphoneos;
				SWIFT_COMPILATION_MODE = wholemodule;
				VALIDATE_PRODUCT = YES;
			};
			name = Release;
		};
		D1CB39692B6BF92F007DA5B7 /* Debug */ = {
			isa = XCBuildConfiguration;
			baseConfigurationReference = D5AB04D48FD04ED241B5CA20 /* Pods-GameApp.debug.xcconfig */;
			buildSettings = {
				ASSETCATALOG_COMPILER_APPICON_NAME = AppIcon;
				ASSETCATALOG_COMPILER_GLOBAL_ACCENT_COLOR_NAME = AccentColor;
				CODE_SIGN_STYLE = Automatic;
				CURRENT_PROJECT_VERSION = 1;
				DEVELOPMENT_TEAM = KM6M489FBH;
				GENERATE_INFOPLIST_FILE = YES;
				INFOPLIST_FILE = GameApp/Info.plist;
				INFOPLIST_KEY_UIApplicationSupportsIndirectInputEvents = YES;
				INFOPLIST_KEY_UILaunchStoryboardName = LaunchScreen;
				INFOPLIST_KEY_UISupportedInterfaceOrientations_iPad = "UIInterfaceOrientationPortrait UIInterfaceOrientationPortraitUpsideDown UIInterfaceOrientationLandscapeLeft UIInterfaceOrientationLandscapeRight";
				INFOPLIST_KEY_UISupportedInterfaceOrientations_iPhone = "UIInterfaceOrientationPortrait UIInterfaceOrientationLandscapeLeft UIInterfaceOrientationLandscapeRight";
				LD_RUNPATH_SEARCH_PATHS = (
					"$(inherited)",
					"@executable_path/Frameworks",
				);
				MARKETING_VERSION = 1.0;
				PRODUCT_BUNDLE_IDENTIFIER = con.LukaPodrug.GameApp;
				PRODUCT_NAME = "$(TARGET_NAME)";
				SWIFT_EMIT_LOC_STRINGS = YES;
				SWIFT_VERSION = 5.0;
				TARGETED_DEVICE_FAMILY = "1,2";
			};
			name = Debug;
		};
		D1CB396A2B6BF92F007DA5B7 /* Release */ = {
			isa = XCBuildConfiguration;
			baseConfigurationReference = 83C8D1E5ECD9C1F469AFD8A6 /* Pods-GameApp.release.xcconfig */;
			buildSettings = {
				ASSETCATALOG_COMPILER_APPICON_NAME = AppIcon;
				ASSETCATALOG_COMPILER_GLOBAL_ACCENT_COLOR_NAME = AccentColor;
				CODE_SIGN_STYLE = Automatic;
				CURRENT_PROJECT_VERSION = 1;
				DEVELOPMENT_TEAM = KM6M489FBH;
				GENERATE_INFOPLIST_FILE = YES;
				INFOPLIST_FILE = GameApp/Info.plist;
				INFOPLIST_KEY_UIApplicationSupportsIndirectInputEvents = YES;
				INFOPLIST_KEY_UILaunchStoryboardName = LaunchScreen;
				INFOPLIST_KEY_UISupportedInterfaceOrientations_iPad = "UIInterfaceOrientationPortrait UIInterfaceOrientationPortraitUpsideDown UIInterfaceOrientationLandscapeLeft UIInterfaceOrientationLandscapeRight";
				INFOPLIST_KEY_UISupportedInterfaceOrientations_iPhone = "UIInterfaceOrientationPortrait UIInterfaceOrientationLandscapeLeft UIInterfaceOrientationLandscapeRight";
				LD_RUNPATH_SEARCH_PATHS = (
					"$(inherited)",
					"@executable_path/Frameworks",
				);
				MARKETING_VERSION = 1.0;
				PRODUCT_BUNDLE_IDENTIFIER = con.LukaPodrug.GameApp;
				PRODUCT_NAME = "$(TARGET_NAME)";
				SWIFT_EMIT_LOC_STRINGS = YES;
				SWIFT_VERSION = 5.0;
				TARGETED_DEVICE_FAMILY = "1,2";
			};
			name = Release;
		};
/* End XCBuildConfiguration section */

/* Begin XCConfigurationList section */
		D1CB394F2B6BF92E007DA5B7 /* Build configuration list for PBXProject "GameApp" */ = {
			isa = XCConfigurationList;
			buildConfigurations = (
				D1CB39662B6BF92F007DA5B7 /* Debug */,
				D1CB39672B6BF92F007DA5B7 /* Release */,
			);
			defaultConfigurationIsVisible = 0;
			defaultConfigurationName = Release;
		};
		D1CB39682B6BF92F007DA5B7 /* Build configuration list for PBXNativeTarget "GameApp" */ = {
			isa = XCConfigurationList;
			buildConfigurations = (
				D1CB39692B6BF92F007DA5B7 /* Debug */,
				D1CB396A2B6BF92F007DA5B7 /* Release */,
			);
			defaultConfigurationIsVisible = 0;
			defaultConfigurationName = Release;
		};
/* End XCConfigurationList section */
	};
	rootObject = D1CB394C2B6BF92E007DA5B7 /* Project object */;
}
